
Microsoft Visual Studio Solution File, Format Version 12.00
# Visual Studio Version 17
VisualStudioVersion = 17.13.35825.156
MinimumVisualStudioVersion = 10.0.40219.1
Project("{FAE04EC0-301F-11D3-BF4B-00C04F79EFBC}") = "IzinTakipPaneli", "IzinTakipPaneli\IzinTakipPaneli.csproj", "{16E132E7-B265-456B-BF3A-B5D9F3DF64DC}"
EndProject
Global
	GlobalSection(SolutionConfigurationPlatforms) = preSolution
		Debug|Any CPU = Debug|Any CPU
		Release|Any CPU = Release|Any CPU
	EndGlobalSection
	GlobalSection(ProjectConfigurationPlatforms) = postSolution
		{16E132E7-B265-456B-BF3A-B5D9F3DF64DC}.Debug|Any CPU.ActiveCfg = Debug|Any CPU
		{16E132E7-B265-456B-BF3A-B5D9F3DF64DC}.Debug|Any CPU.Build.0 = Debug|Any CPU
		{16E132E7-B265-456B-BF3A-B5D9F3DF64DC}.Release|Any CPU.ActiveCfg = Release|Any CPU
		{16E132E7-B265-456B-BF3A-B5D9F3DF64DC}.Release|Any CPU.Build.0 = Release|Any CPU
	EndGlobalSection
	GlobalSection(SolutionProperties) = preSolution
		HideSolutionNode = FALSE
	EndGlobalSection
	GlobalSection(ExtensibilityGlobals) = postSolution
		SolutionGuid = {721CD7DD-E8F3-425E-97EA-FB983224BB25}
	EndGlobalSection
EndGlobal
